// !$*UTF8*$!
{
	archiveVersion = 1;
	classes = {
	};
	objectVersion = 51;
	objects = {

/* Begin PBXBuildFile section */
		28F5C8D8D3292FBF5363F2B7 /* Pods_Parstagram_ParstagramUITests.framework in Frameworks */ = {isa = PBXBuildFile; fileRef = 451A64286E47D5895AD192CE /* Pods_Parstagram_ParstagramUITests.framework */; };
		4224BE9324733BC30052CC31 /* CommentCell.swift in Sources */ = {isa = PBXBuildFile; fileRef = 4224BE9224733BC30052CC31 /* CommentCell.swift */; };
		42283D3124694E0F002B0E55 /* LoginViewController.swift in Sources */ = {isa = PBXBuildFile; fileRef = 42283D3024694E0F002B0E55 /* LoginViewController.swift */; };
		42283D3324694E1E002B0E55 /* FeedViewController.swift in Sources */ = {isa = PBXBuildFile; fileRef = 42283D3224694E1E002B0E55 /* FeedViewController.swift */; };
		42283D35246955C1002B0E55 /* CameraViewController.swift in Sources */ = {isa = PBXBuildFile; fileRef = 42283D34246955C1002B0E55 /* CameraViewController.swift */; };
		42283D37246A1485002B0E55 /* PostCell.swift in Sources */ = {isa = PBXBuildFile; fileRef = 42283D36246A1485002B0E55 /* PostCell.swift */; };
		42507505246936C800AB0548 /* AppDelegate.swift in Sources */ = {isa = PBXBuildFile; fileRef = 42507504246936C800AB0548 /* AppDelegate.swift */; };
		42507507246936C800AB0548 /* SceneDelegate.swift in Sources */ = {isa = PBXBuildFile; fileRef = 42507506246936C800AB0548 /* SceneDelegate.swift */; };
		4250750C246936C800AB0548 /* Main.storyboard in Resources */ = {isa = PBXBuildFile; fileRef = 4250750A246936C800AB0548 /* Main.storyboard */; };
		4250750E246936C900AB0548 /* Assets.xcassets in Resources */ = {isa = PBXBuildFile; fileRef = 4250750D246936C900AB0548 /* Assets.xcassets */; };
		42507511246936C900AB0548 /* LaunchScreen.storyboard in Resources */ = {isa = PBXBuildFile; fileRef = 4250750F246936C900AB0548 /* LaunchScreen.storyboard */; };
		4250751C246936C900AB0548 /* ParstagramTests.swift in Sources */ = {isa = PBXBuildFile; fileRef = 4250751B246936C900AB0548 /* ParstagramTests.swift */; };
		42507527246936C900AB0548 /* ParstagramUITests.swift in Sources */ = {isa = PBXBuildFile; fileRef = 42507526246936C900AB0548 /* ParstagramUITests.swift */; };
		518B24EC6C8C5C32C0AE102E /* Pods_Parstagram.framework in Frameworks */ = {isa = PBXBuildFile; fileRef = DF9A7F70F56F033C36B7882F /* Pods_Parstagram.framework */; };
		C595D51D35577DAC67C38D5A /* Pods_ParstagramTests.framework in Frameworks */ = {isa = PBXBuildFile; fileRef = 478D276D21DE3DF148E71E17 /* Pods_ParstagramTests.framework */; };
/* End PBXBuildFile section */

/* Begin PBXContainerItemProxy section */
		42507518246936C900AB0548 /* PBXContainerItemProxy */ = {
			isa = PBXContainerItemProxy;
			containerPortal = 425074F9246936C800AB0548 /* Project object */;
			proxyType = 1;
			remoteGlobalIDString = 42507500246936C800AB0548;
			remoteInfo = Parstagram;
		};
		42507523246936C900AB0548 /* PBXContainerItemProxy */ = {
			isa = PBXContainerItemProxy;
			containerPortal = 425074F9246936C800AB0548 /* Project object */;
			proxyType = 1;
			remoteGlobalIDString = 42507500246936C800AB0548;
			remoteInfo = Parstagram;
		};
/* End PBXContainerItemProxy section */

/* Begin PBXFileReference section */
		4224BE9224733BC30052CC31 /* CommentCell.swift */ = {isa = PBXFileReference; lastKnownFileType = sourcecode.swift; path = CommentCell.swift; sourceTree = "<group>"; };
		42283D3024694E0F002B0E55 /* LoginViewController.swift */ = {isa = PBXFileReference; lastKnownFileType = sourcecode.swift; path = LoginViewController.swift; sourceTree = "<group>"; };
		42283D3224694E1E002B0E55 /* FeedViewController.swift */ = {isa = PBXFileReference; lastKnownFileType = sourcecode.swift; path = FeedViewController.swift; sourceTree = "<group>"; };
		42283D34246955C1002B0E55 /* CameraViewController.swift */ = {isa = PBXFileReference; lastKnownFileType = sourcecode.swift; path = CameraViewController.swift; sourceTree = "<group>"; };
		42283D36246A1485002B0E55 /* PostCell.swift */ = {isa = PBXFileReference; lastKnownFileType = sourcecode.swift; path = PostCell.swift; sourceTree = "<group>"; };
		42507501246936C800AB0548 /* Parstagram.app */ = {isa = PBXFileReference; explicitFileType = wrapper.application; includeInIndex = 0; path = Parstagram.app; sourceTree = BUILT_PRODUCTS_DIR; };
		42507504246936C800AB0548 /* AppDelegate.swift */ = {isa = PBXFileReference; lastKnownFileType = sourcecode.swift; path = AppDelegate.swift; sourceTree = "<group>"; };
		42507506246936C800AB0548 /* SceneDelegate.swift */ = {isa = PBXFileReference; lastKnownFileType = sourcecode.swift; path = SceneDelegate.swift; sourceTree = "<group>"; };
		4250750B246936C800AB0548 /* Base */ = {isa = PBXFileReference; lastKnownFileType = file.storyboard; name = Base; path = Base.lproj/Main.storyboard; sourceTree = "<group>"; };
		4250750D246936C900AB0548 /* Assets.xcassets */ = {isa = PBXFileReference; lastKnownFileType = folder.assetcatalog; path = Assets.xcassets; sourceTree = "<group>"; };
		42507510246936C900AB0548 /* Base */ = {isa = PBXFileReference; lastKnownFileType = file.storyboard; name = Base; path = Base.lproj/LaunchScreen.storyboard; sourceTree = "<group>"; };
		42507512246936C900AB0548 /* Info.plist */ = {isa = PBXFileReference; lastKnownFileType = text.plist.xml; path = Info.plist; sourceTree = "<group>"; };
		42507517246936C900AB0548 /* ParstagramTests.xctest */ = {isa = PBXFileReference; explicitFileType = wrapper.cfbundle; includeInIndex = 0; path = ParstagramTests.xctest; sourceTree = BUILT_PRODUCTS_DIR; };
		4250751B246936C900AB0548 /* ParstagramTests.swift */ = {isa = PBXFileReference; lastKnownFileType = sourcecode.swift; path = ParstagramTests.swift; sourceTree = "<group>"; };
		4250751D246936C900AB0548 /* Info.plist */ = {isa = PBXFileReference; lastKnownFileType = text.plist.xml; path = Info.plist; sourceTree = "<group>"; };
		42507522246936C900AB0548 /* ParstagramUITests.xctest */ = {isa = PBXFileReference; explicitFileType = wrapper.cfbundle; includeInIndex = 0; path = ParstagramUITests.xctest; sourceTree = BUILT_PRODUCTS_DIR; };
		42507526246936C900AB0548 /* ParstagramUITests.swift */ = {isa = PBXFileReference; lastKnownFileType = sourcecode.swift; path = ParstagramUITests.swift; sourceTree = "<group>"; };
		42507528246936C900AB0548 /* Info.plist */ = {isa = PBXFileReference; lastKnownFileType = text.plist.xml; path = Info.plist; sourceTree = "<group>"; };
		451A64286E47D5895AD192CE /* Pods_Parstagram_ParstagramUITests.framework */ = {isa = PBXFileReference; explicitFileType = wrapper.framework; includeInIndex = 0; path = Pods_Parstagram_ParstagramUITests.framework; sourceTree = BUILT_PRODUCTS_DIR; };
		478D276D21DE3DF148E71E17 /* Pods_ParstagramTests.framework */ = {isa = PBXFileReference; explicitFileType = wrapper.framework; includeInIndex = 0; path = Pods_ParstagramTests.framework; sourceTree = BUILT_PRODUCTS_DIR; };
		6115282791723C7072EB69C9 /* Pods-ParstagramTests.debug.xcconfig */ = {isa = PBXFileReference; includeInIndex = 1; lastKnownFileType = text.xcconfig; name = "Pods-ParstagramTests.debug.xcconfig"; path = "Target Support Files/Pods-ParstagramTests/Pods-ParstagramTests.debug.xcconfig"; sourceTree = "<group>"; };
		6349A1D72F3563B020795135 /* Pods-ParstagramTests.release.xcconfig */ = {isa = PBXFileReference; includeInIndex = 1; lastKnownFileType = text.xcconfig; name = "Pods-ParstagramTests.release.xcconfig"; path = "Target Support Files/Pods-ParstagramTests/Pods-ParstagramTests.release.xcconfig"; sourceTree = "<group>"; };
		6CB194BB9D7CD7CC68B2F689 /* Pods-Parstagram.release.xcconfig */ = {isa = PBXFileReference; includeInIndex = 1; lastKnownFileType = text.xcconfig; name = "Pods-Parstagram.release.xcconfig"; path = "Target Support Files/Pods-Parstagram/Pods-Parstagram.release.xcconfig"; sourceTree = "<group>"; };
		7C33DE8B7BE13FAE3E5124DC /* Pods-Parstagram-ParstagramUITests.debug.xcconfig */ = {isa = PBXFileReference; includeInIndex = 1; lastKnownFileType = text.xcconfig; name = "Pods-Parstagram-ParstagramUITests.debug.xcconfig"; path = "Target Support Files/Pods-Parstagram-ParstagramUITests/Pods-Parstagram-ParstagramUITests.debug.xcconfig"; sourceTree = "<group>"; };
		C4EF95C0D3176FB56278653D /* Pods-Parstagram-ParstagramUITests.release.xcconfig */ = {isa = PBXFileReference; includeInIndex = 1; lastKnownFileType = text.xcconfig; name = "Pods-Parstagram-ParstagramUITests.release.xcconfig"; path = "Target Support Files/Pods-Parstagram-ParstagramUITests/Pods-Parstagram-ParstagramUITests.release.xcconfig"; sourceTree = "<group>"; };
		CA74429ACCBB4BC7ACE69941 /* Pods-Parstagram.debug.xcconfig */ = {isa = PBXFileReference; includeInIndex = 1; lastKnownFileType = text.xcconfig; name = "Pods-Parstagram.debug.xcconfig"; path = "Target Support Files/Pods-Parstagram/Pods-Parstagram.debug.xcconfig"; sourceTree = "<group>"; };
		DF9A7F70F56F033C36B7882F /* Pods_Parstagram.framework */ = {isa = PBXFileReference; explicitFileType = wrapper.framework; includeInIndex = 0; path = Pods_Parstagram.framework; sourceTree = BUILT_PRODUCTS_DIR; };
/* End PBXFileReference section */

/* Begin PBXFrameworksBuildPhase section */
		425074FE246936C800AB0548 /* Frameworks */ = {
			isa = PBXFrameworksBuildPhase;
			buildActionMask = 2147483647;
			files = (
				518B24EC6C8C5C32C0AE102E /* Pods_Parstagram.framework in Frameworks */,
			);
			runOnlyForDeploymentPostprocessing = 0;
		};
		42507514246936C900AB0548 /* Frameworks */ = {
			isa = PBXFrameworksBuildPhase;
			buildActionMask = 2147483647;
			files = (
				C595D51D35577DAC67C38D5A /* Pods_ParstagramTests.framework in Frameworks */,
			);
			runOnlyForDeploymentPostprocessing = 0;
		};
		4250751F246936C900AB0548 /* Frameworks */ = {
			isa = PBXFrameworksBuildPhase;
			buildActionMask = 2147483647;
			files = (
				28F5C8D8D3292FBF5363F2B7 /* Pods_Parstagram_ParstagramUITests.framework in Frameworks */,
			);
			runOnlyForDeploymentPostprocessing = 0;
		};
/* End PBXFrameworksBuildPhase section */

/* Begin PBXGroup section */
		425074F8246936C800AB0548 = {
			isa = PBXGroup;
			children = (
				42507503246936C800AB0548 /* Parstagram */,
				4250751A246936C900AB0548 /* ParstagramTests */,
				42507525246936C900AB0548 /* ParstagramUITests */,
				42507502246936C800AB0548 /* Products */,
				61A2765F74E5CDFE63850F3F /* Pods */,
				9BD0E5DA8CA569E6A83E4E0D /* Frameworks */,
			);
			sourceTree = "<group>";
		};
		42507502246936C800AB0548 /* Products */ = {
			isa = PBXGroup;
			children = (
				42507501246936C800AB0548 /* Parstagram.app */,
				42507517246936C900AB0548 /* ParstagramTests.xctest */,
				42507522246936C900AB0548 /* ParstagramUITests.xctest */,
			);
			name = Products;
			sourceTree = "<group>";
		};
		42507503246936C800AB0548 /* Parstagram */ = {
			isa = PBXGroup;
			children = (
				42507504246936C800AB0548 /* AppDelegate.swift */,
				42507506246936C800AB0548 /* SceneDelegate.swift */,
				4250750A246936C800AB0548 /* Main.storyboard */,
				4250750D246936C900AB0548 /* Assets.xcassets */,
				4250750F246936C900AB0548 /* LaunchScreen.storyboard */,
				42507512246936C900AB0548 /* Info.plist */,
				42283D3024694E0F002B0E55 /* LoginViewController.swift */,
				42283D3224694E1E002B0E55 /* FeedViewController.swift */,
				42283D34246955C1002B0E55 /* CameraViewController.swift */,
				42283D36246A1485002B0E55 /* PostCell.swift */,
				4224BE9224733BC30052CC31 /* CommentCell.swift */,
			);
			path = Parstagram;
			sourceTree = "<group>";
		};
		4250751A246936C900AB0548 /* ParstagramTests */ = {
			isa = PBXGroup;
			children = (
				4250751B246936C900AB0548 /* ParstagramTests.swift */,
				4250751D246936C900AB0548 /* Info.plist */,
			);
			path = ParstagramTests;
			sourceTree = "<group>";
		};
		42507525246936C900AB0548 /* ParstagramUITests */ = {
			isa = PBXGroup;
			children = (
				42507526246936C900AB0548 /* ParstagramUITests.swift */,
				42507528246936C900AB0548 /* Info.plist */,
			);
			path = ParstagramUITests;
			sourceTree = "<group>";
		};
		61A2765F74E5CDFE63850F3F /* Pods */ = {
			isa = PBXGroup;
			children = (
				CA74429ACCBB4BC7ACE69941 /* Pods-Parstagram.debug.xcconfig */,
				6CB194BB9D7CD7CC68B2F689 /* Pods-Parstagram.release.xcconfig */,
				7C33DE8B7BE13FAE3E5124DC /* Pods-Parstagram-ParstagramUITests.debug.xcconfig */,
				C4EF95C0D3176FB56278653D /* Pods-Parstagram-ParstagramUITests.release.xcconfig */,
				6115282791723C7072EB69C9 /* Pods-ParstagramTests.debug.xcconfig */,
				6349A1D72F3563B020795135 /* Pods-ParstagramTests.release.xcconfig */,
			);
			path = Pods;
			sourceTree = "<group>";
		};
		9BD0E5DA8CA569E6A83E4E0D /* Frameworks */ = {
			isa = PBXGroup;
			children = (
				DF9A7F70F56F033C36B7882F /* Pods_Parstagram.framework */,
				451A64286E47D5895AD192CE /* Pods_Parstagram_ParstagramUITests.framework */,
				478D276D21DE3DF148E71E17 /* Pods_ParstagramTests.framework */,
			);
			name = Frameworks;
			sourceTree = "<group>";
		};
/* End PBXGroup section */

/* Begin PBXNativeTarget section */
		42507500246936C800AB0548 /* Parstagram */ = {
			isa = PBXNativeTarget;
			buildConfigurationList = 4250752B246936C900AB0548 /* Build configuration list for PBXNativeTarget "Parstagram" */;
			buildPhases = (
				2B944E33CCC0B9F83A6AFBFE /* [CP] Check Pods Manifest.lock */,
				425074FD246936C800AB0548 /* Sources */,
				425074FE246936C800AB0548 /* Frameworks */,
				425074FF246936C800AB0548 /* Resources */,
				23CB67BA8BA705CD02EA5D98 /* [CP] Embed Pods Frameworks */,
			);
			buildRules = (
			);
			dependencies = (
			);
			name = Parstagram;
			productName = Parstagram;
			productReference = 42507501246936C800AB0548 /* Parstagram.app */;
			productType = "com.apple.product-type.application";
		};
		42507516246936C900AB0548 /* ParstagramTests */ = {
			isa = PBXNativeTarget;
			buildConfigurationList = 4250752E246936C900AB0548 /* Build configuration list for PBXNativeTarget "ParstagramTests" */;
			buildPhases = (
				0D071027DA2818B71671B5F2 /* [CP] Check Pods Manifest.lock */,
				42507513246936C900AB0548 /* Sources */,
				42507514246936C900AB0548 /* Frameworks */,
				42507515246936C900AB0548 /* Resources */,
			);
			buildRules = (
			);
			dependencies = (
				42507519246936C900AB0548 /* PBXTargetDependency */,
			);
			name = ParstagramTests;
			productName = ParstagramTests;
			productReference = 42507517246936C900AB0548 /* ParstagramTests.xctest */;
			productType = "com.apple.product-type.bundle.unit-test";
		};
		42507521246936C900AB0548 /* ParstagramUITests */ = {
			isa = PBXNativeTarget;
			buildConfigurationList = 42507531246936C900AB0548 /* Build configuration list for PBXNativeTarget "ParstagramUITests" */;
			buildPhases = (
				B591DBDCCBEF5E0A7B257F2F /* [CP] Check Pods Manifest.lock */,
				4250751E246936C900AB0548 /* Sources */,
				4250751F246936C900AB0548 /* Frameworks */,
				42507520246936C900AB0548 /* Resources */,
				3DABC40AAEF7757D4DC97ADB /* [CP] Embed Pods Frameworks */,
			);
			buildRules = (
			);
			dependencies = (
				42507524246936C900AB0548 /* PBXTargetDependency */,
			);
			name = ParstagramUITests;
			productName = ParstagramUITests;
			productReference = 42507522246936C900AB0548 /* ParstagramUITests.xctest */;
			productType = "com.apple.product-type.bundle.ui-testing";
		};
/* End PBXNativeTarget section */

/* Begin PBXProject section */
		425074F9246936C800AB0548 /* Project object */ = {
			isa = PBXProject;
			attributes = {
				LastSwiftUpdateCheck = 1130;
				LastUpgradeCheck = 1130;
				ORGANIZATIONNAME = ktang300;
				TargetAttributes = {
					42507500246936C800AB0548 = {
						CreatedOnToolsVersion = 11.3.1;
					};
					42507516246936C900AB0548 = {
						CreatedOnToolsVersion = 11.3.1;
						TestTargetID = 42507500246936C800AB0548;
					};
					42507521246936C900AB0548 = {
						CreatedOnToolsVersion = 11.3.1;
						TestTargetID = 42507500246936C800AB0548;
					};
				};
			};
			buildConfigurationList = 425074FC246936C800AB0548 /* Build configuration list for PBXProject "Parstagram" */;
			compatibilityVersion = "Xcode 9.3";
			developmentRegion = en;
			hasScannedForEncodings = 0;
			knownRegions = (
				en,
				Base,
			);
			mainGroup = 425074F8246936C800AB0548;
			productRefGroup = 42507502246936C800AB0548 /* Products */;
			projectDirPath = "";
			projectRoot = "";
			targets = (
				42507500246936C800AB0548 /* Parstagram */,
				42507516246936C900AB0548 /* ParstagramTests */,
				42507521246936C900AB0548 /* ParstagramUITests */,
			);
		};
/* End PBXProject section */

/* Begin PBXResourcesBuildPhase section */
		425074FF246936C800AB0548 /* Resources */ = {
			isa = PBXResourcesBuildPhase;
			buildActionMask = 2147483647;
			files = (
				42507511246936C900AB0548 /* LaunchScreen.storyboard in Resources */,
				4250750E246936C900AB0548 /* Assets.xcassets in Resources */,
				4250750C246936C800AB0548 /* Main.storyboard in Resources */,
			);
			runOnlyForDeploymentPostprocessing = 0;
		};
		42507515246936C900AB0548 /* Resources */ = {
			isa = PBXResourcesBuildPhase;
			buildActionMask = 2147483647;
			files = (
			);
			runOnlyForDeploymentPostprocessing = 0;
		};
		42507520246936C900AB0548 /* Resources */ = {
			isa = PBXResourcesBuildPhase;
			buildActionMask = 2147483647;
			files = (
			);
			runOnlyForDeploymentPostprocessing = 0;
		};
/* End PBXResourcesBuildPhase section */

/* Begin PBXShellScriptBuildPhase section */
		0D071027DA2818B71671B5F2 /* [CP] Check Pods Manifest.lock */ = {
			isa = PBXShellScriptBuildPhase;
			buildActionMask = 2147483647;
			files = (
			);
			inputFileListPaths = (
			);
			inputPaths = (
				"${PODS_PODFILE_DIR_PATH}/Podfile.lock",
				"${PODS_ROOT}/Manifest.lock",
			);
			name = "[CP] Check Pods Manifest.lock";
			outputFileListPaths = (
			);
			outputPaths = (
				"$(DERIVED_FILE_DIR)/Pods-ParstagramTests-checkManifestLockResult.txt",
			);
			runOnlyForDeploymentPostprocessing = 0;
			shellPath = /bin/sh;
			shellScript = "diff \"${PODS_PODFILE_DIR_PATH}/Podfile.lock\" \"${PODS_ROOT}/Manifest.lock\" > /dev/null\nif [ $? != 0 ] ; then\n    # print error to STDERR\n    echo \"error: The sandbox is not in sync with the Podfile.lock. Run 'pod install' or update your CocoaPods installation.\" >&2\n    exit 1\nfi\n# This output is used by Xcode 'outputs' to avoid re-running this script phase.\necho \"SUCCESS\" > \"${SCRIPT_OUTPUT_FILE_0}\"\n";
			showEnvVarsInLog = 0;
		};
		23CB67BA8BA705CD02EA5D98 /* [CP] Embed Pods Frameworks */ = {
			isa = PBXShellScriptBuildPhase;
			buildActionMask = 2147483647;
			files = (
			);
			inputFileListPaths = (
				"${PODS_ROOT}/Target Support Files/Pods-Parstagram/Pods-Parstagram-frameworks-${CONFIGURATION}-input-files.xcfilelist",
			);
			name = "[CP] Embed Pods Frameworks";
			outputFileListPaths = (
				"${PODS_ROOT}/Target Support Files/Pods-Parstagram/Pods-Parstagram-frameworks-${CONFIGURATION}-output-files.xcfilelist",
			);
			runOnlyForDeploymentPostprocessing = 0;
			shellPath = /bin/sh;
			shellScript = "\"${PODS_ROOT}/Target Support Files/Pods-Parstagram/Pods-Parstagram-frameworks.sh\"\n";
			showEnvVarsInLog = 0;
		};
		2B944E33CCC0B9F83A6AFBFE /* [CP] Check Pods Manifest.lock */ = {
			isa = PBXShellScriptBuildPhase;
			buildActionMask = 2147483647;
			files = (
			);
			inputFileListPaths = (
			);
			inputPaths = (
				"${PODS_PODFILE_DIR_PATH}/Podfile.lock",
				"${PODS_ROOT}/Manifest.lock",
			);
			name = "[CP] Check Pods Manifest.lock";
			outputFileListPaths = (
			);
			outputPaths = (
				"$(DERIVED_FILE_DIR)/Pods-Parstagram-checkManifestLockResult.txt",
			);
			runOnlyForDeploymentPostprocessing = 0;
			shellPath = /bin/sh;
			shellScript = "diff \"${PODS_PODFILE_DIR_PATH}/Podfile.lock\" \"${PODS_ROOT}/Manifest.lock\" > /dev/null\nif [ $? != 0 ] ; then\n    # print error to STDERR\n    echo \"error: The sandbox is not in sync with the Podfile.lock. Run 'pod install' or update your CocoaPods installation.\" >&2\n    exit 1\nfi\n# This output is used by Xcode 'outputs' to avoid re-running this script phase.\necho \"SUCCESS\" > \"${SCRIPT_OUTPUT_FILE_0}\"\n";
			showEnvVarsInLog = 0;
		};
		3DABC40AAEF7757D4DC97ADB /* [CP] Embed Pods Frameworks */ = {
			isa = PBXShellScriptBuildPhase;
			buildActionMask = 2147483647;
			files = (
			);
			inputFileListPaths = (
				"${PODS_ROOT}/Target Support Files/Pods-Parstagram-ParstagramUITests/Pods-Parstagram-ParstagramUITests-frameworks-${CONFIGURATION}-input-files.xcfilelist",
			);
			name = "[CP] Embed Pods Frameworks";
			outputFileListPaths = (
				"${PODS_ROOT}/Target Support Files/Pods-Parstagram-ParstagramUITests/Pods-Parstagram-ParstagramUITests-frameworks-${CONFIGURATION}-output-files.xcfilelist",
			);
			runOnlyForDeploymentPostprocessing = 0;
			shellPath = /bin/sh;
			shellScript = "\"${PODS_ROOT}/Target Support Files/Pods-Parstagram-ParstagramUITests/Pods-Parstagram-ParstagramUITests-frameworks.sh\"\n";
			showEnvVarsInLog = 0;
		};
		B591DBDCCBEF5E0A7B257F2F /* [CP] Check Pods Manifest.lock */ = {
			isa = PBXShellScriptBuildPhase;
			buildActionMask = 2147483647;
			files = (
			);
			inputFileListPaths = (
			);
			inputPaths = (
				"${PODS_PODFILE_DIR_PATH}/Podfile.lock",
				"${PODS_ROOT}/Manifest.lock",
			);
			name = "[CP] Check Pods Manifest.lock";
			outputFileListPaths = (
			);
			outputPaths = (
				"$(DERIVED_FILE_DIR)/Pods-Parstagram-ParstagramUITests-checkManifestLockResult.txt",
			);
			runOnlyForDeploymentPostprocessing = 0;
			shellPath = /bin/sh;
			shellScript = "diff \"${PODS_PODFILE_DIR_PATH}/Podfile.lock\" \"${PODS_ROOT}/Manifest.lock\" > /dev/null\nif [ $? != 0 ] ; then\n    # print error to STDERR\n    echo \"error: The sandbox is not in sync with the Podfile.lock. Run 'pod install' or update your CocoaPods installation.\" >&2\n    exit 1\nfi\n# This output is used by Xcode 'outputs' to avoid re-running this script phase.\necho \"SUCCESS\" > \"${SCRIPT_OUTPUT_FILE_0}\"\n";
			showEnvVarsInLog = 0;
		};
/* End PBXShellScriptBuildPhase section */

/* Begin PBXSourcesBuildPhase section */
		425074FD246936C800AB0548 /* Sources */ = {
			isa = PBXSourcesBuildPhase;
			buildActionMask = 2147483647;
			files = (
				42283D3124694E0F002B0E55 /* LoginViewController.swift in Sources */,
				42283D35246955C1002B0E55 /* CameraViewController.swift in Sources */,
				42507505246936C800AB0548 /* AppDelegate.swift in Sources */,
				42283D3324694E1E002B0E55 /* FeedViewController.swift in Sources */,
				42507507246936C800AB0548 /* SceneDelegate.swift in Sources */,
				42283D37246A1485002B0E55 /* PostCell.swift in Sources */,
				4224BE9324733BC30052CC31 /* CommentCell.swift in Sources */,
			);
			runOnlyForDeploymentPostprocessing = 0;
		};
		42507513246936C900AB0548 /* Sources */ = {
			isa = PBXSourcesBuildPhase;
			buildActionMask = 2147483647;
			files = (
				4250751C246936C900AB0548 /* ParstagramTests.swift in Sources */,
			);
			runOnlyForDeploymentPostprocessing = 0;
		};
		4250751E246936C900AB0548 /* Sources */ = {
			isa = PBXSourcesBuildPhase;
			buildActionMask = 2147483647;
			files = (
				42507527246936C900AB0548 /* ParstagramUITests.swift in Sources */,
			);
			runOnlyForDeploymentPostprocessing = 0;
		};
/* End PBXSourcesBuildPhase section */

/* Begin PBXTargetDependency section */
		42507519246936C900AB0548 /* PBXTargetDependency */ = {
			isa = PBXTargetDependency;
			target = 42507500246936C800AB0548 /* Parstagram */;
			targetProxy = 42507518246936C900AB0548 /* PBXContainerItemProxy */;
		};
		42507524246936C900AB0548 /* PBXTargetDependency */ = {
			isa = PBXTargetDependency;
			target = 42507500246936C800AB0548 /* Parstagram */;
			targetProxy = 42507523246936C900AB0548 /* PBXContainerItemProxy */;
		};
/* End PBXTargetDependency section */

/* Begin PBXVariantGroup section */
		4250750A246936C800AB0548 /* Main.storyboard */ = {
			isa = PBXVariantGroup;
			children = (
				4250750B246936C800AB0548 /* Base */,
			);
			name = Main.storyboard;
			sourceTree = "<group>";
		};
		4250750F246936C900AB0548 /* LaunchScreen.storyboard */ = {
			isa = PBXVariantGroup;
			children = (
				42507510246936C900AB0548 /* Base */,
			);
			name = LaunchScreen.storyboard;
			sourceTree = "<group>";
		};
/* End PBXVariantGroup section */

/* Begin XCBuildConfiguration section */
		42507529246936C900AB0548 /* Debug */ = {
			isa = XCBuildConfiguration;
			buildSettings = {
				ALWAYS_SEARCH_USER_PATHS = NO;
				CLANG_ANALYZER_NONNULL = YES;
				CLANG_ANALYZER_NUMBER_OBJECT_CONVERSION = YES_AGGRESSIVE;
				CLANG_CXX_LANGUAGE_STANDARD = "gnu++14";
				CLANG_CXX_LIBRARY = "libc++";
				CLANG_ENABLE_MODULES = YES;
				CLANG_ENABLE_OBJC_ARC = YES;
				CLANG_ENABLE_OBJC_WEAK = YES;
				CLANG_WARN_BLOCK_CAPTURE_AUTORELEASING = YES;
				CLANG_WARN_BOOL_CONVERSION = YES;
				CLANG_WARN_COMMA = YES;
				CLANG_WARN_CONSTANT_CONVERSION = YES;
				CLANG_WARN_DEPRECATED_OBJC_IMPLEMENTATIONS = YES;
				CLANG_WARN_DIRECT_OBJC_ISA_USAGE = YES_ERROR;
				CLANG_WARN_DOCUMENTATION_COMMENTS = YES;
				CLANG_WARN_EMPTY_BODY = YES;
				CLANG_WARN_ENUM_CONVERSION = YES;
				CLANG_WARN_INFINITE_RECURSION = YES;
				CLANG_WARN_INT_CONVERSION = YES;
				CLANG_WARN_NON_LITERAL_NULL_CONVERSION = YES;
				CLANG_WARN_OBJC_IMPLICIT_RETAIN_SELF = YES;
				CLANG_WARN_OBJC_LITERAL_CONVERSION = YES;
				CLANG_WARN_OBJC_ROOT_CLASS = YES_ERROR;
				CLANG_WARN_RANGE_LOOP_ANALYSIS = YES;
				CLANG_WARN_STRICT_PROTOTYPES = YES;
				CLANG_WARN_SUSPICIOUS_MOVE = YES;
				CLANG_WARN_UNGUARDED_AVAILABILITY = YES_AGGRESSIVE;
				CLANG_WARN_UNREACHABLE_CODE = YES;
				CLANG_WARN__DUPLICATE_METHOD_MATCH = YES;
				COPY_PHASE_STRIP = NO;
				DEBUG_INFORMATION_FORMAT = dwarf;
				ENABLE_STRICT_OBJC_MSGSEND = YES;
				ENABLE_TESTABILITY = YES;
				GCC_C_LANGUAGE_STANDARD = gnu11;
				GCC_DYNAMIC_NO_PIC = NO;
				GCC_NO_COMMON_BLOCKS = YES;
				GCC_OPTIMIZATION_LEVEL = 0;
				GCC_PREPROCESSOR_DEFINITIONS = (
					"DEBUG=1",
					"$(inherited)",
				);
				GCC_WARN_64_TO_32_BIT_CONVERSION = YES;
				GCC_WARN_ABOUT_RETURN_TYPE = YES_ERROR;
				GCC_WARN_UNDECLARED_SELECTOR = YES;
				GCC_WARN_UNINITIALIZED_AUTOS = YES_AGGRESSIVE;
				GCC_WARN_UNUSED_FUNCTION = YES;
				GCC_WARN_UNUSED_VARIABLE = YES;
				IPHONEOS_DEPLOYMENT_TARGET = 13.2;
				MTL_ENABLE_DEBUG_INFO = INCLUDE_SOURCE;
				MTL_FAST_MATH = YES;
				ONLY_ACTIVE_ARCH = YES;
				SDKROOT = iphoneos;
				SWIFT_ACTIVE_COMPILATION_CONDITIONS = DEBUG;
				SWIFT_OPTIMIZATION_LEVEL = "-Onone";
			};
			name = Debug;
		};
		4250752A246936C900AB0548 /* Release */ = {
			isa = XCBuildConfiguration;
			buildSettings = {
				ALWAYS_SEARCH_USER_PATHS = NO;
				CLANG_ANALYZER_NONNULL = YES;
				CLANG_ANALYZER_NUMBER_OBJECT_CONVERSION = YES_AGGRESSIVE;
				CLANG_CXX_LANGUAGE_STANDARD = "gnu++14";
				CLANG_CXX_LIBRARY = "libc++";
				CLANG_ENABLE_MODULES = YES;
				CLANG_ENABLE_OBJC_ARC = YES;
				CLANG_ENABLE_OBJC_WEAK = YES;
				CLANG_WARN_BLOCK_CAPTURE_AUTORELEASING = YES;
				CLANG_WARN_BOOL_CONVERSION = YES;
				CLANG_WARN_COMMA = YES;
				CLANG_WARN_CONSTANT_CONVERSION = YES;
				CLANG_WARN_DEPRECATED_OBJC_IMPLEMENTATIONS = YES;
				CLANG_WARN_DIRECT_OBJC_ISA_USAGE = YES_ERROR;
				CLANG_WARN_DOCUMENTATION_COMMENTS = YES;
				CLANG_WARN_EMPTY_BODY = YES;
				CLANG_WARN_ENUM_CONVERSION = YES;
				CLANG_WARN_INFINITE_RECURSION = YES;
				CLANG_WARN_INT_CONVERSION = YES;
				CLANG_WARN_NON_LITERAL_NULL_CONVERSION = YES;
				CLANG_WARN_OBJC_IMPLICIT_RETAIN_SELF = YES;
				CLANG_WARN_OBJC_LITERAL_CONVERSION = YES;
				CLANG_WARN_OBJC_ROOT_CLASS = YES_ERROR;
				CLANG_WARN_RANGE_LOOP_ANALYSIS = YES;
				CLANG_WARN_STRICT_PROTOTYPES = YES;
				CLANG_WARN_SUSPICIOUS_MOVE = YES;
				CLANG_WARN_UNGUARDED_AVAILABILITY = YES_AGGRESSIVE;
				CLANG_WARN_UNREACHABLE_CODE = YES;
				CLANG_WARN__DUPLICATE_METHOD_MATCH = YES;
				COPY_PHASE_STRIP = NO;
				DEBUG_INFORMATION_FORMAT = "dwarf-with-dsym";
				ENABLE_NS_ASSERTIONS = NO;
				ENABLE_STRICT_OBJC_MSGSEND = YES;
				GCC_C_LANGUAGE_STANDARD = gnu11;
				GCC_NO_COMMON_BLOCKS = YES;
				GCC_WARN_64_TO_32_BIT_CONVERSION = YES;
				GCC_WARN_ABOUT_RETURN_TYPE = YES_ERROR;
				GCC_WARN_UNDECLARED_SELECTOR = YES;
				GCC_WARN_UNINITIALIZED_AUTOS = YES_AGGRESSIVE;
				GCC_WARN_UNUSED_FUNCTION = YES;
				GCC_WARN_UNUSED_VARIABLE = YES;
				IPHONEOS_DEPLOYMENT_TARGET = 13.2;
				MTL_ENABLE_DEBUG_INFO = NO;
				MTL_FAST_MATH = YES;
				SDKROOT = iphoneos;
				SWIFT_COMPILATION_MODE = wholemodule;
				SWIFT_OPTIMIZATION_LEVEL = "-O";
				VALIDATE_PRODUCT = YES;
			};
			name = Release;
		};
		4250752C246936C900AB0548 /* Debug */ = {
			isa = XCBuildConfiguration;
			baseConfigurationReference = CA74429ACCBB4BC7ACE69941 /* Pods-Parstagram.debug.xcconfig */;
			buildSettings = {
				ASSETCATALOG_COMPILER_APPICON_NAME = AppIcon;
				CODE_SIGN_STYLE = Automatic;
				INFOPLIST_FILE = Parstagram/Info.plist;
				LD_RUNPATH_SEARCH_PATHS = (
					"$(inherited)",
					"@executable_path/Frameworks",
				);
				PRODUCT_BUNDLE_IDENTIFIER = ktang.Parstagram;
				PRODUCT_NAME = "$(TARGET_NAME)";
				SWIFT_VERSION = 5.0;
				TARGETED_DEVICE_FAMILY = "1,2";
			};
			name = Debug;
		};
		4250752D246936C900AB0548 /* Release */ = {
			isa = XCBuildConfiguration;
			baseConfigurationReference = 6CB194BB9D7CD7CC68B2F689 /* Pods-Parstagram.release.xcconfig */;
			buildSettings = {
				ASSETCATALOG_COMPILER_APPICON_NAME = AppIcon;
				CODE_SIGN_STYLE = Automatic;
				INFOPLIST_FILE = Parstagram/Info.plist;
				LD_RUNPATH_SEARCH_PATHS = (
					"$(inherited)",
					"@executable_path/Frameworks",
				);
				PRODUCT_BUNDLE_IDENTIFIER = ktang.Parstagram;
				PRODUCT_NAME = "$(TARGET_NAME)";
				SWIFT_VERSION = 5.0;
				TARGETED_DEVICE_FAMILY = "1,2";
			};
			name = Release;
		};
		4250752F246936C900AB0548 /* Debug */ = {
			isa = XCBuildConfiguration;
			baseConfigurationReference = 6115282791723C7072EB69C9 /* Pods-ParstagramTests.debug.xcconfig */;
			buildSettings = {
				ALWAYS_EMBED_SWIFT_STANDARD_LIBRARIES = YES;
				BUNDLE_LOADER = "$(TEST_HOST)";
				CODE_SIGN_STYLE = Automatic;
				INFOPLIST_FILE = ParstagramTests/Info.plist;
				IPHONEOS_DEPLOYMENT_TARGET = 13.2;
				LD_RUNPATH_SEARCH_PATHS = (
					"$(inherited)",
					"@executable_path/Frameworks",
					"@loader_path/Frameworks",
				);
				PRODUCT_BUNDLE_IDENTIFIER = ktang.ParstagramTests;
				PRODUCT_NAME = "$(TARGET_NAME)";
				SWIFT_VERSION = 5.0;
				TARGETED_DEVICE_FAMILY = "1,2";
				TEST_HOST = "$(BUILT_PRODUCTS_DIR)/Parstagram.app/Parstagram";
			};
			name = Debug;
		};
		42507530246936C900AB0548 /* Release */ = {
			isa = XCBuildConfiguration;
			baseConfigurationReference = 6349A1D72F3563B020795135 /* Pods-ParstagramTests.release.xcconfig */;
			buildSettings = {
				ALWAYS_EMBED_SWIFT_STANDARD_LIBRARIES = YES;
				BUNDLE_LOADER = "$(TEST_HOST)";
				CODE_SIGN_STYLE = Automatic;
				INFOPLIST_FILE = ParstagramTests/Info.plist;
				IPHONEOS_DEPLOYMENT_TARGET = 13.2;
				LD_RUNPATH_SEARCH_PATHS = (
					"$(inherited)",
					"@executable_path/Frameworks",
					"@loader_path/Frameworks",
				);
				PRODUCT_BUNDLE_IDENTIFIER = ktang.ParstagramTests;
				PRODUCT_NAME = "$(TARGET_NAME)";
				SWIFT_VERSION = 5.0;
				TARGETED_DEVICE_FAMILY = "1,2";
				TEST_HOST = "$(BUILT_PRODUCTS_DIR)/Parstagram.app/Parstagram";
			};
			name = Release;
		};
		42507532246936C900AB0548 /* Debug */ = {
			isa = XCBuildConfiguration;
			baseConfigurationReference = 7C33DE8B7BE13FAE3E5124DC /* Pods-Parstagram-ParstagramUITests.debug.xcconfig */;
			buildSettings = {
				ALWAYS_EMBED_SWIFT_STANDARD_LIBRARIES = YES;
				CODE_SIGN_STYLE = Automatic;
				INFOPLIST_FILE = ParstagramUITests/Info.plist;
				LD_RUNPATH_SEARCH_PATHS = (
					"$(inherited)",
					"@executable_path/Frameworks",
					"@loader_path/Frameworks",
				);
				PRODUCT_BUNDLE_IDENTIFIER = ktang.ParstagramUITests;
				PRODUCT_NAME = "$(TARGET_NAME)";
				SWIFT_VERSION = 5.0;
				TARGETED_DEVICE_FAMILY = "1,2";
				TEST_TARGET_NAME = Parstagram;
			};
			name = Debug;
		};
		42507533246936C900AB0548 /* Release */ = {
			isa = XCBuildConfiguration;
			baseConfigurationReference = C4EF95C0D3176FB56278653D /* Pods-Parstagram-ParstagramUITests.release.xcconfig */;
			buildSettings = {
				ALWAYS_EMBED_SWIFT_STANDARD_LIBRARIES = YES;
				CODE_SIGN_STYLE = Automatic;
				INFOPLIST_FILE = ParstagramUITests/Info.plist;
				LD_RUNPATH_SEARCH_PATHS = (
					"$(inherited)",
					"@executable_path/Frameworks",
					"@loader_path/Frameworks",
				);
				PRODUCT_BUNDLE_IDENTIFIER = ktang.ParstagramUITests;
				PRODUCT_NAME = "$(TARGET_NAME)";
				SWIFT_VERSION = 5.0;
				TARGETED_DEVICE_FAMILY = "1,2";
				TEST_TARGET_NAME = Parstagram;
			};
			name = Release;
		};
/* End XCBuildConfiguration section */

/* Begin XCConfigurationList section */
		425074FC246936C800AB0548 /* Build configuration list for PBXProject "Parstagram" */ = {
			isa = XCConfigurationList;
			buildConfigurations = (
				42507529246936C900AB0548 /* Debug */,
				4250752A246936C900AB0548 /* Release */,
			);
			defaultConfigurationIsVisible = 0;
			defaultConfigurationName = Release;
		};
		4250752B246936C900AB0548 /* Build configuration list for PBXNativeTarget "Parstagram" */ = {
			isa = XCConfigurationList;
			buildConfigurations = (
				4250752C246936C900AB0548 /* Debug */,
				4250752D246936C900AB0548 /* Release */,
			);
			defaultConfigurationIsVisible = 0;
			defaultConfigurationName = Release;
		};
		4250752E246936C900AB0548 /* Build configuration list for PBXNativeTarget "ParstagramTests" */ = {
			isa = XCConfigurationList;
			buildConfigurations = (
				4250752F246936C900AB0548 /* Debug */,
				42507530246936C900AB0548 /* Release */,
			);
			defaultConfigurationIsVisible = 0;
			defaultConfigurationName = Release;
		};
		42507531246936C900AB0548 /* Build configuration list for PBXNativeTarget "ParstagramUITests" */ = {
			isa = XCConfigurationList;
			buildConfigurations = (
				42507532246936C900AB0548 /* Debug */,
				42507533246936C900AB0548 /* Release */,
			);
			defaultConfigurationIsVisible = 0;
			defaultConfigurationName = Release;
		};
/* End XCConfigurationList section */
	};
	rootObject = 425074F9246936C800AB0548 /* Project object */;
}
